{"1.2.0",
[{<<"certifi">>,{pkg,<<"certifi">>,<<"2.17.0">>},1},
 {<<"h1">>,{pkg,<<"erlang_h1">>,<<"0.6.0">>},0},
 {<<"h2">>,{pkg,<<"h2">>,<<"0.9.0">>},0},
 {<<"hackney">>,{pkg,<<"hackney">>,<<"4.2.2">>},0},
 {<<"idna">>,{pkg,<<"idna">>,<<"7.1.0">>},1},
 {<<"mimerl">>,{pkg,<<"mimerl">>,<<"1.5.0">>},1},
 {<<"parse_trans">>,{pkg,<<"parse_trans">>,<<"3.4.1">>},1},
 {<<"quic">>,{pkg,<<"quic">>,<<"1.6.4">>},1},
 {<<"ssl_verify_fun">>,{pkg,<<"ssl_verify_fun">>,<<"1.1.7">>},1},
 {<<"webtransport">>,{pkg,<<"webtransport">>,<<"0.3.2">>},1}]}.
[
{pkg_hash,[
 {<<"certifi">>, <<"835748414307E15E05B17D0E518190228CE648B08D569A5CC93A85A40F3E5C9B">>},
 {<<"h1">>, <<"2CED097C4B5B62A97BC91175B8297E394E9F6253A85262A9306D9539A04D572C">>},
 {<<"h2">>, <<"8A1441AC2EDBE4F8166B453C969BF82146A2C013A10B7FC65356F300EA4E3462">>},
 {<<"hackney">>, <<"3BF0A8F11A9D7748C00F5A54BC675509860AC23DC149E2424323E5D1CF9CF689">>},
 {<<"idna">>, <<"1067A13043538129602D2F2CE6899D8713125C7D19734AA557CE2E3EA55BD4F1">>},
 {<<"mimerl">>, <<"F35ACA6F23242339B3666E0AC0702379E362B469D0AEA167F6CC713547E777ED">>},
 {<<"parse_trans">>, <<"6E6AA8167CB44CC8F39441D05193BE6E6F4E7C2946CB2759F015F8C56B76E5FF">>},
 {<<"quic">>, <<"CED9780292DDAF7AC134C1344E020EF324E2F53DC159CA6FDDC5AAE6BB4D3D22">>},
 {<<"ssl_verify_fun">>, <<"354C321CF377240C7B8716899E182CE4890C5938111A1296ADD3EC74CF1715DF">>},
 {<<"webtransport">>, <<"1A2976420A7AFA6675A7E19FE034956174966A6BA8D9F68EEF785056AE0E1E58">>}]},
{pkg_hash_ext,[
 {<<"certifi">>, <<"8122798A17F0293C80DAADA25D0F81C7F4D708C73FEF782C7C9B1950E26E4D21">>},
 {<<"h1">>, <<"633A7ABD2E0B5FC030DFF9E365365DF409A4A18325A3161EA779C7C7EC81886D">>},
 {<<"h2">>, <<"1494DB28684C64717852173608FD4DBF7782FE977EACB0981470DB7E6173AC57">>},
 {<<"hackney">>, <<"34A933F1715F6C0C4EC1CACEFA756CE6A979718A1446CC588E563BCC33438484">>},
 {<<"idna">>, <<"6AE959A025BF36DF61A8CAB8508D9654891B5426A84C44D82DEAFFD6DDF8C71F">>},
 {<<"mimerl">>, <<"DB648CE065BAE14EA84CA8B5DD123F42F49417CEF693541110BF6F9E9BE9ECC4">>},
 {<<"parse_trans">>, <<"620A406CE75DADA827B82E453C19CF06776BE266F5A67CFF34E1EF2CBB60E49A">>},
 {<<"quic">>, <<"AC4FF7CA8ADC1865B1690EAAA02F5D62D35963D5CB9B6BAC16960FB92664C901">>},
 {<<"ssl_verify_fun">>, <<"FE4C190E8F37401D30167C8C405EDA19469F34577987C76DDE613E838BBC67F8">>},
 {<<"webtransport">>, <<"9BC90C2DAB6C09FB6532A27BCAF10A2ACE5749A7DB1C583329462974DE7DD9B1">>}]}
].
