{"1.2.0",
[{<<"certifi">>,{pkg,<<"certifi">>,<<"2.17.0">>},1},
 {<<"h1">>,{pkg,<<"erlang_h1">>,<<"0.6.0">>},0},
 {<<"h2">>,{pkg,<<"h2">>,<<"0.9.0">>},0},
 {<<"hackney">>,{pkg,<<"hackney">>,<<"4.2.3">>},0},
 {<<"idna">>,{pkg,<<"idna">>,<<"7.1.0">>},1},
 {<<"mimerl">>,{pkg,<<"mimerl">>,<<"1.5.0">>},1},
 {<<"parse_trans">>,{pkg,<<"parse_trans">>,<<"3.4.2">>},1},
 {<<"quic">>,{pkg,<<"quic">>,<<"1.6.4">>},1},
 {<<"ssl_verify_fun">>,{pkg,<<"ssl_verify_fun">>,<<"1.1.7">>},1},
 {<<"webtransport">>,{pkg,<<"webtransport">>,<<"0.3.3">>},1}]}.
[
{pkg_hash,[
 {<<"certifi">>, <<"835748414307E15E05B17D0E518190228CE648B08D569A5CC93A85A40F3E5C9B">>},
 {<<"h1">>, <<"2CED097C4B5B62A97BC91175B8297E394E9F6253A85262A9306D9539A04D572C">>},
 {<<"h2">>, <<"8A1441AC2EDBE4F8166B453C969BF82146A2C013A10B7FC65356F300EA4E3462">>},
 {<<"hackney">>, <<"D71734E2FC5E731F85CD089A4E5F7512DEEC6B370382EC4835334C1E2CE23EED">>},
 {<<"idna">>, <<"1067A13043538129602D2F2CE6899D8713125C7D19734AA557CE2E3EA55BD4F1">>},
 {<<"mimerl">>, <<"F35ACA6F23242339B3666E0AC0702379E362B469D0AEA167F6CC713547E777ED">>},
 {<<"parse_trans">>, <<"C352DDC1A0D5E54F9B1654D45F9C432EEF76F9CEA371C55DDFF769EF688FDB74">>},
 {<<"quic">>, <<"CED9780292DDAF7AC134C1344E020EF324E2F53DC159CA6FDDC5AAE6BB4D3D22">>},
 {<<"ssl_verify_fun">>, <<"354C321CF377240C7B8716899E182CE4890C5938111A1296ADD3EC74CF1715DF">>},
 {<<"webtransport">>, <<"D4616F4188FBE5A380F6A5E9E33B01B89BE124D43931BAA3BF0BE39CF079317E">>}]},
{pkg_hash_ext,[
 {<<"certifi">>, <<"8122798A17F0293C80DAADA25D0F81C7F4D708C73FEF782C7C9B1950E26E4D21">>},
 {<<"h1">>, <<"633A7ABD2E0B5FC030DFF9E365365DF409A4A18325A3161EA779C7C7EC81886D">>},
 {<<"h2">>, <<"1494DB28684C64717852173608FD4DBF7782FE977EACB0981470DB7E6173AC57">>},
 {<<"hackney">>, <<"ACCD8D1C2C18102F5F84061E270B4A9476F6FC9A82BAF8A422DC1880FE28AA7C">>},
 {<<"idna">>, <<"6AE959A025BF36DF61A8CAB8508D9654891B5426A84C44D82DEAFFD6DDF8C71F">>},
 {<<"mimerl">>, <<"DB648CE065BAE14EA84CA8B5DD123F42F49417CEF693541110BF6F9E9BE9ECC4">>},
 {<<"parse_trans">>, <<"4C25347DE3B7C35732D32E69AB43D1CEEE0BEAE3F3B3ADE1B59CBD3DD224D9CA">>},
 {<<"quic">>, <<"AC4FF7CA8ADC1865B1690EAAA02F5D62D35963D5CB9B6BAC16960FB92664C901">>},
 {<<"ssl_verify_fun">>, <<"FE4C190E8F37401D30167C8C405EDA19469F34577987C76DDE613E838BBC67F8">>},
 {<<"webtransport">>, <<"E708F23A30161D3133F3377918517B3679EE0A25C778E42DDF28A7538FD984E6">>}]}
].
