{"1.2.0",
[{<<"certifi">>,{pkg,<<"certifi">>,<<"2.17.0">>},1},
 {<<"h1">>,{pkg,<<"erlang_h1">>,<<"0.7.0">>},0},
 {<<"h2">>,{pkg,<<"h2">>,<<"0.10.2">>},0},
 {<<"hackney">>,{pkg,<<"hackney">>,<<"4.4.2">>},0},
 {<<"idna">>,{pkg,<<"idna">>,<<"7.1.0">>},1},
 {<<"mimerl">>,{pkg,<<"mimerl">>,<<"1.5.0">>},1},
 {<<"parse_trans">>,{pkg,<<"parse_trans">>,<<"3.4.2">>},1},
 {<<"quic">>,{pkg,<<"quic">>,<<"1.6.5">>},1},
 {<<"ssl_verify_fun">>,{pkg,<<"ssl_verify_fun">>,<<"1.1.7">>},1},
 {<<"webtransport">>,{pkg,<<"webtransport">>,<<"0.4.1">>},1}]}.
[
{pkg_hash,[
 {<<"certifi">>, <<"835748414307E15E05B17D0E518190228CE648B08D569A5CC93A85A40F3E5C9B">>},
 {<<"h1">>, <<"42E08B1865AF89C3476E621A7271D372D74213155DC801D2A0A7AC126FC079D4">>},
 {<<"h2">>, <<"EA0146B9C8B5F3B5DE16045765F5684DB38EF1E66F1C60444890948CB1003E47">>},
 {<<"hackney">>, <<"E1F1577B8D791F0DF9F9952FFE0B02DC71EB458E8671792925AFC164BACF1B66">>},
 {<<"idna">>, <<"1067A13043538129602D2F2CE6899D8713125C7D19734AA557CE2E3EA55BD4F1">>},
 {<<"mimerl">>, <<"F35ACA6F23242339B3666E0AC0702379E362B469D0AEA167F6CC713547E777ED">>},
 {<<"parse_trans">>, <<"C352DDC1A0D5E54F9B1654D45F9C432EEF76F9CEA371C55DDFF769EF688FDB74">>},
 {<<"quic">>, <<"28B7D49C1732B2DE3861701BB03AE7798537240552370AC49F0D139D2EA8F621">>},
 {<<"ssl_verify_fun">>, <<"354C321CF377240C7B8716899E182CE4890C5938111A1296ADD3EC74CF1715DF">>},
 {<<"webtransport">>, <<"60EF6CD99282B5964C8172D674519239E31E357D934BDE028BEC70DA34636FE5">>}]},
{pkg_hash_ext,[
 {<<"certifi">>, <<"8122798A17F0293C80DAADA25D0F81C7F4D708C73FEF782C7C9B1950E26E4D21">>},
 {<<"h1">>, <<"A0E6C498F866B3434A5585E4C9F77473719B469BE95A9EF6BAF282B8350312A3">>},
 {<<"h2">>, <<"497A899F338B42E6A0B292524E635B0CE6F9379FA39395C8E38D06351CD9B9CF">>},
 {<<"hackney">>, <<"7D29AFCFE48128C0FCECA624D09F0A2F8632A51A1ECD62D024B9274500FFC256">>},
 {<<"idna">>, <<"6AE959A025BF36DF61A8CAB8508D9654891B5426A84C44D82DEAFFD6DDF8C71F">>},
 {<<"mimerl">>, <<"DB648CE065BAE14EA84CA8B5DD123F42F49417CEF693541110BF6F9E9BE9ECC4">>},
 {<<"parse_trans">>, <<"4C25347DE3B7C35732D32E69AB43D1CEEE0BEAE3F3B3ADE1B59CBD3DD224D9CA">>},
 {<<"quic">>, <<"DE1A88972C33201A50D1A17C8C4A14528BD1D8F25EF705897D680AE312D0AA78">>},
 {<<"ssl_verify_fun">>, <<"FE4C190E8F37401D30167C8C405EDA19469F34577987C76DDE613E838BBC67F8">>},
 {<<"webtransport">>, <<"006E4E52A8F03B69201D4637C85B424A4DDCCC1909F32C5742FED8D495A75174">>}]}
].
